// !$*UTF8*$!
{
	archiveVersion = 1;
	classes = {
	};
	objectVersion = 56;
	objects = {

/* Begin PBXBuildFile section */
		DB5316682C27BA4000407C52 /* AppDelegate.swift in Sources */ = {isa = PBXBuildFile; fileRef = DB5316672C27BA4000407C52 /* AppDelegate.swift */; };
		DB53166C2C27BA4000407C52 /* SerchListViewController.swift in Sources */ = {isa = PBXBuildFile; fileRef = DB53166B2C27BA4000407C52 /* SerchListViewController.swift */; };
		DB5316722C27BA4000407C52 /* kidsnote_pre_project.xcdatamodeld in Sources */ = {isa = PBXBuildFile; fileRef = DB5316702C27BA4000407C52 /* kidsnote_pre_project.xcdatamodeld */; };
		DB5316742C27BA4100407C52 /* Assets.xcassets in Resources */ = {isa = PBXBuildFile; fileRef = DB5316732C27BA4100407C52 /* Assets.xcassets */; };
		DB5316822C27BA4200407C52 /* kidsnote_pre_projectTests.swift in Sources */ = {isa = PBXBuildFile; fileRef = DB5316812C27BA4200407C52 /* kidsnote_pre_projectTests.swift */; };
		DB5316A22C27C30D00407C52 /* ListModel.swift in Sources */ = {isa = PBXBuildFile; fileRef = DB5316A12C27C30D00407C52 /* ListModel.swift */; };
		DB5316A72C27C41300407C52 /* MockSerchListDataFecher.swift in Sources */ = {isa = PBXBuildFile; fileRef = DB5316A42C27C41300407C52 /* MockSerchListDataFecher.swift */; };
		DB5316A82C27C41300407C52 /* MockSerchListDataFecher.swift in Sources */ = {isa = PBXBuildFile; fileRef = DB5316A42C27C41300407C52 /* MockSerchListDataFecher.swift */; };
		DB5316A92C27C41300407C52 /* SerchListDataFecherType.swift in Sources */ = {isa = PBXBuildFile; fileRef = DB5316A52C27C41300407C52 /* SerchListDataFecherType.swift */; };
		DB5316AA2C27C41300407C52 /* SerchListDataFecherType.swift in Sources */ = {isa = PBXBuildFile; fileRef = DB5316A52C27C41300407C52 /* SerchListDataFecherType.swift */; };
		DB5316AB2C27C41300407C52 /* HttpSerchListDataFecher.swift in Sources */ = {isa = PBXBuildFile; fileRef = DB5316A62C27C41300407C52 /* HttpSerchListDataFecher.swift */; };
		DB5316AC2C27C41300407C52 /* HttpSerchListDataFecher.swift in Sources */ = {isa = PBXBuildFile; fileRef = DB5316A62C27C41300407C52 /* HttpSerchListDataFecher.swift */; };
		DB5316AF2C27C49700407C52 /* DataFetcherError.swift in Sources */ = {isa = PBXBuildFile; fileRef = DB5316AE2C27C49700407C52 /* DataFetcherError.swift */; };
		DB5316B02C27C49700407C52 /* DataFetcherError.swift in Sources */ = {isa = PBXBuildFile; fileRef = DB5316AE2C27C49700407C52 /* DataFetcherError.swift */; };
		DB5316B12C27CB1500407C52 /* ListModel.swift in Sources */ = {isa = PBXBuildFile; fileRef = DB5316A12C27C30D00407C52 /* ListModel.swift */; };
		DB5316B42C27D31B00407C52 /* SerchView.swift in Sources */ = {isa = PBXBuildFile; fileRef = DB5316B32C27D31B00407C52 /* SerchView.swift */; };
		DB5316B52C27D31B00407C52 /* SerchView.swift in Sources */ = {isa = PBXBuildFile; fileRef = DB5316B32C27D31B00407C52 /* SerchView.swift */; };
		DB5316B72C27D34200407C52 /* SearchListPresentData.swift in Sources */ = {isa = PBXBuildFile; fileRef = DB5316B62C27D34200407C52 /* SearchListPresentData.swift */; };
		DB5316B82C27D34200407C52 /* SearchListPresentData.swift in Sources */ = {isa = PBXBuildFile; fileRef = DB5316B62C27D34200407C52 /* SearchListPresentData.swift */; };
		DB5316BD2C27E7E900407C52 /* SerchResultCell.swift in Sources */ = {isa = PBXBuildFile; fileRef = DB5316BC2C27E7E900407C52 /* SerchResultCell.swift */; };
		DB5316BE2C27E7E900407C52 /* SerchResultCell.swift in Sources */ = {isa = PBXBuildFile; fileRef = DB5316BC2C27E7E900407C52 /* SerchResultCell.swift */; };
		DB5316C02C27EDEF00407C52 /* SerchViewModel.swift in Sources */ = {isa = PBXBuildFile; fileRef = DB5316BF2C27EDEF00407C52 /* SerchViewModel.swift */; };
		DB5316C12C27EDEF00407C52 /* SerchViewModel.swift in Sources */ = {isa = PBXBuildFile; fileRef = DB5316BF2C27EDEF00407C52 /* SerchViewModel.swift */; };
		DB5316C62C27F21700407C52 /* SerchViewModelMock.swift in Sources */ = {isa = PBXBuildFile; fileRef = DB5316C52C27F21700407C52 /* SerchViewModelMock.swift */; };
		DB5316C72C27F21700407C52 /* SerchViewModelMock.swift in Sources */ = {isa = PBXBuildFile; fileRef = DB5316C52C27F21700407C52 /* SerchViewModelMock.swift */; };
		DB5316CE2C27F69500407C52 /* ImageFetcher.swift in Sources */ = {isa = PBXBuildFile; fileRef = DB5316CC2C27F69400407C52 /* ImageFetcher.swift */; };
		DB5316CF2C27F69500407C52 /* ImageFetcher.swift in Sources */ = {isa = PBXBuildFile; fileRef = DB5316CC2C27F69400407C52 /* ImageFetcher.swift */; };
		DB5316D02C27F69500407C52 /* ImageFileManager.swift in Sources */ = {isa = PBXBuildFile; fileRef = DB5316CD2C27F69500407C52 /* ImageFileManager.swift */; };
		DB5316D12C27F69500407C52 /* ImageFileManager.swift in Sources */ = {isa = PBXBuildFile; fileRef = DB5316CD2C27F69500407C52 /* ImageFileManager.swift */; };
		DB5316D42C27F95300407C52 /* UiImageView+ImageFetcher.swift in Sources */ = {isa = PBXBuildFile; fileRef = DB5316D32C27F95300407C52 /* UiImageView+ImageFetcher.swift */; };
		DB5316D52C27F95300407C52 /* UiImageView+ImageFetcher.swift in Sources */ = {isa = PBXBuildFile; fileRef = DB5316D32C27F95300407C52 /* UiImageView+ImageFetcher.swift */; };
		DB5316DC2C28014D00407C52 /* DetailPresentData.swift in Sources */ = {isa = PBXBuildFile; fileRef = DB5316DB2C28014600407C52 /* DetailPresentData.swift */; };
		DB5316DD2C28014D00407C52 /* DetailPresentData.swift in Sources */ = {isa = PBXBuildFile; fileRef = DB5316DB2C28014600407C52 /* DetailPresentData.swift */; };
		DB5316DF2C28018F00407C52 /* DetailViewController.swift in Sources */ = {isa = PBXBuildFile; fileRef = DB5316DE2C28018F00407C52 /* DetailViewController.swift */; };
		DB5316E02C28018F00407C52 /* DetailViewController.swift in Sources */ = {isa = PBXBuildFile; fileRef = DB5316DE2C28018F00407C52 /* DetailViewController.swift */; };
		DB5316E32C28038200407C52 /* DetailDataFecherType.swift in Sources */ = {isa = PBXBuildFile; fileRef = DB5316E22C28038000407C52 /* DetailDataFecherType.swift */; };
		DB5316E42C28038300407C52 /* DetailDataFecherType.swift in Sources */ = {isa = PBXBuildFile; fileRef = DB5316E22C28038000407C52 /* DetailDataFecherType.swift */; };
		DB5316E72C28053500407C52 /* DetailModel.swift in Sources */ = {isa = PBXBuildFile; fileRef = DB5316E62C28053500407C52 /* DetailModel.swift */; };
		DB5316E82C28053500407C52 /* DetailModel.swift in Sources */ = {isa = PBXBuildFile; fileRef = DB5316E62C28053500407C52 /* DetailModel.swift */; };
		DB5316EA2C2805C200407C52 /* HttpDetailFetcher.swift in Sources */ = {isa = PBXBuildFile; fileRef = DB5316E92C2805C200407C52 /* HttpDetailFetcher.swift */; };
		DB5316EB2C2805C200407C52 /* HttpDetailFetcher.swift in Sources */ = {isa = PBXBuildFile; fileRef = DB5316E92C2805C200407C52 /* HttpDetailFetcher.swift */; };
		DB5316EC2C28080100407C52 /* DetailViewModel.swift in Sources */ = {isa = PBXBuildFile; fileRef = DB5316E52C2803E400407C52 /* DetailViewModel.swift */; };
		DB5316ED2C28080200407C52 /* DetailViewModel.swift in Sources */ = {isa = PBXBuildFile; fileRef = DB5316E52C2803E400407C52 /* DetailViewModel.swift */; };
		DB5316F32C2831DD00407C52 /* HttpDataFetcherType.swift in Sources */ = {isa = PBXBuildFile; fileRef = DB5316F22C2831DD00407C52 /* HttpDataFetcherType.swift */; };
		DB5316F42C2831DD00407C52 /* HttpDataFetcherType.swift in Sources */ = {isa = PBXBuildFile; fileRef = DB5316F22C2831DD00407C52 /* HttpDataFetcherType.swift */; };
		DB5316F72C28416100407C52 /* ViewControllerFactory.swift in Sources */ = {isa = PBXBuildFile; fileRef = DB5316F62C28416100407C52 /* ViewControllerFactory.swift */; };
		DB5316F82C28416100407C52 /* ViewControllerFactory.swift in Sources */ = {isa = PBXBuildFile; fileRef = DB5316F62C28416100407C52 /* ViewControllerFactory.swift */; };
		DB5316FA2C28431600407C52 /* DetailView.swift in Sources */ = {isa = PBXBuildFile; fileRef = DB5316F92C28431600407C52 /* DetailView.swift */; };
		DB5316FB2C28431600407C52 /* DetailView.swift in Sources */ = {isa = PBXBuildFile; fileRef = DB5316F92C28431600407C52 /* DetailView.swift */; };
/* End PBXBuildFile section */

/* Begin PBXContainerItemProxy section */
		DB53167E2C27BA4200407C52 /* PBXContainerItemProxy */ = {
			isa = PBXContainerItemProxy;
			containerPortal = DB53165C2C27BA4000407C52 /* Project object */;
			proxyType = 1;
			remoteGlobalIDString = DB5316632C27BA4000407C52;
			remoteInfo = kidsnote_pre_project;
		};
/* End PBXContainerItemProxy section */

/* Begin PBXFileReference section */
		DB5316642C27BA4000407C52 /* kidsnote_pre_project.app */ = {isa = PBXFileReference; explicitFileType = wrapper.application; includeInIndex = 0; path = kidsnote_pre_project.app; sourceTree = BUILT_PRODUCTS_DIR; };
		DB5316672C27BA4000407C52 /* AppDelegate.swift */ = {isa = PBXFileReference; lastKnownFileType = sourcecode.swift; path = AppDelegate.swift; sourceTree = "<group>"; };
		DB53166B2C27BA4000407C52 /* SerchListViewController.swift */ = {isa = PBXFileReference; lastKnownFileType = sourcecode.swift; path = SerchListViewController.swift; sourceTree = "<group>"; };
		DB5316712C27BA4000407C52 /* kidsnote_pre_project.xcdatamodel */ = {isa = PBXFileReference; lastKnownFileType = wrapper.xcdatamodel; path = kidsnote_pre_project.xcdatamodel; sourceTree = "<group>"; };
		DB5316732C27BA4100407C52 /* Assets.xcassets */ = {isa = PBXFileReference; lastKnownFileType = folder.assetcatalog; path = Assets.xcassets; sourceTree = "<group>"; };
		DB5316782C27BA4100407C52 /* Info.plist */ = {isa = PBXFileReference; lastKnownFileType = text.plist.xml; path = Info.plist; sourceTree = "<group>"; };
		DB53167D2C27BA4200407C52 /* kidsnote_pre_projectTests.xctest */ = {isa = PBXFileReference; explicitFileType = wrapper.cfbundle; includeInIndex = 0; path = kidsnote_pre_projectTests.xctest; sourceTree = BUILT_PRODUCTS_DIR; };
		DB5316812C27BA4200407C52 /* kidsnote_pre_projectTests.swift */ = {isa = PBXFileReference; lastKnownFileType = sourcecode.swift; path = kidsnote_pre_projectTests.swift; sourceTree = "<group>"; };
		DB5316A12C27C30D00407C52 /* ListModel.swift */ = {isa = PBXFileReference; lastKnownFileType = sourcecode.swift; path = ListModel.swift; sourceTree = "<group>"; };
		DB5316A42C27C41300407C52 /* MockSerchListDataFecher.swift */ = {isa = PBXFileReference; fileEncoding = 4; lastKnownFileType = sourcecode.swift; path = MockSerchListDataFecher.swift; sourceTree = "<group>"; };
		DB5316A52C27C41300407C52 /* SerchListDataFecherType.swift */ = {isa = PBXFileReference; fileEncoding = 4; lastKnownFileType = sourcecode.swift; path = SerchListDataFecherType.swift; sourceTree = "<group>"; };
		DB5316A62C27C41300407C52 /* HttpSerchListDataFecher.swift */ = {isa = PBXFileReference; fileEncoding = 4; lastKnownFileType = sourcecode.swift; path = HttpSerchListDataFecher.swift; sourceTree = "<group>"; };
		DB5316AE2C27C49700407C52 /* DataFetcherError.swift */ = {isa = PBXFileReference; lastKnownFileType = sourcecode.swift; path = DataFetcherError.swift; sourceTree = "<group>"; };
		DB5316B32C27D31B00407C52 /* SerchView.swift */ = {isa = PBXFileReference; lastKnownFileType = sourcecode.swift; path = SerchView.swift; sourceTree = "<group>"; };
		DB5316B62C27D34200407C52 /* SearchListPresentData.swift */ = {isa = PBXFileReference; lastKnownFileType = sourcecode.swift; path = SearchListPresentData.swift; sourceTree = "<group>"; };
		DB5316BC2C27E7E900407C52 /* SerchResultCell.swift */ = {isa = PBXFileReference; lastKnownFileType = sourcecode.swift; path = SerchResultCell.swift; sourceTree = "<group>"; };
		DB5316BF2C27EDEF00407C52 /* SerchViewModel.swift */ = {isa = PBXFileReference; lastKnownFileType = sourcecode.swift; path = SerchViewModel.swift; sourceTree = "<group>"; };
		DB5316C52C27F21700407C52 /* SerchViewModelMock.swift */ = {isa = PBXFileReference; lastKnownFileType = sourcecode.swift; path = SerchViewModelMock.swift; sourceTree = "<group>"; };
		DB5316CC2C27F69400407C52 /* ImageFetcher.swift */ = {isa = PBXFileReference; fileEncoding = 4; lastKnownFileType = sourcecode.swift; path = ImageFetcher.swift; sourceTree = "<group>"; };
		DB5316CD2C27F69500407C52 /* ImageFileManager.swift */ = {isa = PBXFileReference; fileEncoding = 4; lastKnownFileType = sourcecode.swift; path = ImageFileManager.swift; sourceTree = "<group>"; };
		DB5316D32C27F95300407C52 /* UiImageView+ImageFetcher.swift */ = {isa = PBXFileReference; lastKnownFileType = sourcecode.swift; path = "UiImageView+ImageFetcher.swift"; sourceTree = "<group>"; };
		DB5316DB2C28014600407C52 /* DetailPresentData.swift */ = {isa = PBXFileReference; lastKnownFileType = sourcecode.swift; path = DetailPresentData.swift; sourceTree = "<group>"; };
		DB5316DE2C28018F00407C52 /* DetailViewController.swift */ = {isa = PBXFileReference; lastKnownFileType = sourcecode.swift; path = DetailViewController.swift; sourceTree = "<group>"; };
		DB5316E22C28038000407C52 /* DetailDataFecherType.swift */ = {isa = PBXFileReference; lastKnownFileType = sourcecode.swift; path = DetailDataFecherType.swift; sourceTree = "<group>"; };
		DB5316E52C2803E400407C52 /* DetailViewModel.swift */ = {isa = PBXFileReference; lastKnownFileType = sourcecode.swift; path = DetailViewModel.swift; sourceTree = "<group>"; };
		DB5316E62C28053500407C52 /* DetailModel.swift */ = {isa = PBXFileReference; lastKnownFileType = sourcecode.swift; path = DetailModel.swift; sourceTree = "<group>"; };
		DB5316E92C2805C200407C52 /* HttpDetailFetcher.swift */ = {isa = PBXFileReference; lastKnownFileType = sourcecode.swift; path = HttpDetailFetcher.swift; sourceTree = "<group>"; };
		DB5316F22C2831DD00407C52 /* HttpDataFetcherType.swift */ = {isa = PBXFileReference; lastKnownFileType = sourcecode.swift; path = HttpDataFetcherType.swift; sourceTree = "<group>"; };
		DB5316F62C28416100407C52 /* ViewControllerFactory.swift */ = {isa = PBXFileReference; lastKnownFileType = sourcecode.swift; path = ViewControllerFactory.swift; sourceTree = "<group>"; };
		DB5316F92C28431600407C52 /* DetailView.swift */ = {isa = PBXFileReference; lastKnownFileType = sourcecode.swift; path = DetailView.swift; sourceTree = "<group>"; };
/* End PBXFileReference section */

/* Begin PBXFrameworksBuildPhase section */
		DB5316612C27BA4000407C52 /* Frameworks */ = {
			isa = PBXFrameworksBuildPhase;
			buildActionMask = 2147483647;
			files = (
			);
			runOnlyForDeploymentPostprocessing = 0;
		};
		DB53167A2C27BA4200407C52 /* Frameworks */ = {
			isa = PBXFrameworksBuildPhase;
			buildActionMask = 2147483647;
			files = (
			);
			runOnlyForDeploymentPostprocessing = 0;
		};
/* End PBXFrameworksBuildPhase section */

/* Begin PBXGroup section */
		DB53165B2C27BA4000407C52 = {
			isa = PBXGroup;
			children = (
				DB5316662C27BA4000407C52 /* kidsnote_pre_project */,
				DB5316802C27BA4200407C52 /* kidsnote_pre_projectTests */,
				DB5316652C27BA4000407C52 /* Products */,
				DB5316EF2C280D8300407C52 /* Frameworks */,
			);
			sourceTree = "<group>";
		};
		DB5316652C27BA4000407C52 /* Products */ = {
			isa = PBXGroup;
			children = (
				DB5316642C27BA4000407C52 /* kidsnote_pre_project.app */,
				DB53167D2C27BA4200407C52 /* kidsnote_pre_projectTests.xctest */,
			);
			name = Products;
			sourceTree = "<group>";
		};
		DB5316662C27BA4000407C52 /* kidsnote_pre_project */ = {
			isa = PBXGroup;
			children = (
				DB53169B2C27BAED00407C52 /* Res */,
				DB53169A2C27BADF00407C52 /* Swift */,
			);
			path = kidsnote_pre_project;
			sourceTree = "<group>";
		};
		DB5316802C27BA4200407C52 /* kidsnote_pre_projectTests */ = {
			isa = PBXGroup;
			children = (
				DB5316812C27BA4200407C52 /* kidsnote_pre_projectTests.swift */,
			);
			path = kidsnote_pre_projectTests;
			sourceTree = "<group>";
		};
		DB53169A2C27BADF00407C52 /* Swift */ = {
			isa = PBXGroup;
			children = (
				DB5316672C27BA4000407C52 /* AppDelegate.swift */,
				DB53169F2C27BC5E00407C52 /* Utils */,
				DB53169E2C27BC5500407C52 /* Model */,
				DB5316A02C27BC6700407C52 /* Present */,
			);
			path = Swift;
			sourceTree = "<group>";
		};
		DB53169B2C27BAED00407C52 /* Res */ = {
			isa = PBXGroup;
			children = (
				DB5316732C27BA4100407C52 /* Assets.xcassets */,
				DB5316782C27BA4100407C52 /* Info.plist */,
				DB5316702C27BA4000407C52 /* kidsnote_pre_project.xcdatamodeld */,
			);
			path = Res;
			sourceTree = "<group>";
		};
		DB53169E2C27BC5500407C52 /* Model */ = {
			isa = PBXGroup;
			children = (
				DB5316A12C27C30D00407C52 /* ListModel.swift */,
				DB5316E62C28053500407C52 /* DetailModel.swift */,
			);
			path = Model;
			sourceTree = "<group>";
		};
		DB53169F2C27BC5E00407C52 /* Utils */ = {
			isa = PBXGroup;
			children = (
				DB5316CB2C27F64200407C52 /* ImageFetcher */,
				DB5316AD2C27C48600407C52 /* DataFetcher */,
			);
			path = Utils;
			sourceTree = "<group>";
		};
		DB5316A02C27BC6700407C52 /* Present */ = {
			isa = PBXGroup;
			children = (
				DB5316F62C28416100407C52 /* ViewControllerFactory.swift */,
				DB5316D72C2800E900407C52 /* Detail */,
				DB5316B22C27CE6B00407C52 /* List */,
			);
			path = Present;
			sourceTree = "<group>";
		};
		DB5316A32C27C3D600407C52 /* List */ = {
			isa = PBXGroup;
			children = (
				DB5316A52C27C41300407C52 /* SerchListDataFecherType.swift */,
				DB5316A42C27C41300407C52 /* MockSerchListDataFecher.swift */,
				DB5316A62C27C41300407C52 /* HttpSerchListDataFecher.swift */,
			);
			path = List;
			sourceTree = "<group>";
		};
		DB5316AD2C27C48600407C52 /* DataFetcher */ = {
			isa = PBXGroup;
			children = (
				DB5316AE2C27C49700407C52 /* DataFetcherError.swift */,
				DB5316F52C2832E400407C52 /* Http */,
				DB5316E12C28036400407C52 /* Detail */,
				DB5316A32C27C3D600407C52 /* List */,
			);
			path = DataFetcher;
			sourceTree = "<group>";
		};
		DB5316B22C27CE6B00407C52 /* List */ = {
			isa = PBXGroup;
			children = (
				DB5316BB2C27D3CF00407C52 /* Data */,
				DB5316BA2C27D3C400407C52 /* ViewModel */,
				DB5316B92C27D3B800407C52 /* View */,
			);
			path = List;
			sourceTree = "<group>";
		};
		DB5316B92C27D3B800407C52 /* View */ = {
			isa = PBXGroup;
			children = (
				DB53166B2C27BA4000407C52 /* SerchListViewController.swift */,
				DB5316B32C27D31B00407C52 /* SerchView.swift */,
				DB5316BC2C27E7E900407C52 /* SerchResultCell.swift */,
			);
			path = View;
			sourceTree = "<group>";
		};
		DB5316BA2C27D3C400407C52 /* ViewModel */ = {
			isa = PBXGroup;
			children = (
				DB5316BF2C27EDEF00407C52 /* SerchViewModel.swift */,
				DB5316C52C27F21700407C52 /* SerchViewModelMock.swift */,
			);
			path = ViewModel;
			sourceTree = "<group>";
		};
		DB5316BB2C27D3CF00407C52 /* Data */ = {
			isa = PBXGroup;
			children = (
				DB5316B62C27D34200407C52 /* SearchListPresentData.swift */,
			);
			path = Data;
			sourceTree = "<group>";
		};
		DB5316CB2C27F64200407C52 /* ImageFetcher */ = {
			isa = PBXGroup;
			children = (
				DB5316CC2C27F69400407C52 /* ImageFetcher.swift */,
				DB5316CD2C27F69500407C52 /* ImageFileManager.swift */,
				DB5316D32C27F95300407C52 /* UiImageView+ImageFetcher.swift */,
			);
			path = ImageFetcher;
			sourceTree = "<group>";
		};
		DB5316D72C2800E900407C52 /* Detail */ = {
			isa = PBXGroup;
			children = (
				DB5316DA2C28013400407C52 /* View */,
				DB5316D92C28012B00407C52 /* ViewModel */,
				DB5316D82C28012500407C52 /* Data */,
			);
			path = Detail;
			sourceTree = "<group>";
		};
		DB5316D82C28012500407C52 /* Data */ = {
			isa = PBXGroup;
			children = (
				DB5316DB2C28014600407C52 /* DetailPresentData.swift */,
			);
			path = Data;
			sourceTree = "<group>";
		};
		DB5316D92C28012B00407C52 /* ViewModel */ = {
			isa = PBXGroup;
			children = (
				DB5316E52C2803E400407C52 /* DetailViewModel.swift */,
			);
			path = ViewModel;
			sourceTree = "<group>";
		};
		DB5316DA2C28013400407C52 /* View */ = {
			isa = PBXGroup;
			children = (
				DB5316DE2C28018F00407C52 /* DetailViewController.swift */,
				DB5316F92C28431600407C52 /* DetailView.swift */,
			);
			path = View;
			sourceTree = "<group>";
		};
		DB5316E12C28036400407C52 /* Detail */ = {
			isa = PBXGroup;
			children = (
				DB5316E22C28038000407C52 /* DetailDataFecherType.swift */,
				DB5316E92C2805C200407C52 /* HttpDetailFetcher.swift */,
			);
			path = Detail;
			sourceTree = "<group>";
		};
		DB5316EF2C280D8300407C52 /* Frameworks */ = {
			isa = PBXGroup;
			children = (
			);
			name = Frameworks;
			sourceTree = "<group>";
		};
		DB5316F52C2832E400407C52 /* Http */ = {
			isa = PBXGroup;
			children = (
				DB5316F22C2831DD00407C52 /* HttpDataFetcherType.swift */,
			);
			path = Http;
			sourceTree = "<group>";
		};
/* End PBXGroup section */

/* Begin PBXNativeTarget section */
		DB5316632C27BA4000407C52 /* kidsnote_pre_project */ = {
			isa = PBXNativeTarget;
			buildConfigurationList = DB5316912C27BA4200407C52 /* Build configuration list for PBXNativeTarget "kidsnote_pre_project" */;
			buildPhases = (
				DB5316602C27BA4000407C52 /* Sources */,
				DB5316612C27BA4000407C52 /* Frameworks */,
				DB5316622C27BA4000407C52 /* Resources */,
			);
			buildRules = (
			);
			dependencies = (
			);
			name = kidsnote_pre_project;
			packageProductDependencies = (
			);
			productName = kidsnote_pre_project;
			productReference = DB5316642C27BA4000407C52 /* kidsnote_pre_project.app */;
			productType = "com.apple.product-type.application";
		};
		DB53167C2C27BA4200407C52 /* kidsnote_pre_projectTests */ = {
			isa = PBXNativeTarget;
			buildConfigurationList = DB5316942C27BA4200407C52 /* Build configuration list for PBXNativeTarget "kidsnote_pre_projectTests" */;
			buildPhases = (
				DB5316792C27BA4200407C52 /* Sources */,
				DB53167A2C27BA4200407C52 /* Frameworks */,
				DB53167B2C27BA4200407C52 /* Resources */,
			);
			buildRules = (
			);
			dependencies = (
				DB53167F2C27BA4200407C52 /* PBXTargetDependency */,
			);
			name = kidsnote_pre_projectTests;
			productName = kidsnote_pre_projectTests;
			productReference = DB53167D2C27BA4200407C52 /* kidsnote_pre_projectTests.xctest */;
			productType = "com.apple.product-type.bundle.unit-test";
		};
/* End PBXNativeTarget section */

/* Begin PBXProject section */
		DB53165C2C27BA4000407C52 /* Project object */ = {
			isa = PBXProject;
			attributes = {
				BuildIndependentTargetsInParallel = 1;
				LastSwiftUpdateCheck = 1540;
				LastUpgradeCheck = 1540;
				TargetAttributes = {
					DB5316632C27BA4000407C52 = {
						CreatedOnToolsVersion = 15.4;
					};
					DB53167C2C27BA4200407C52 = {
						CreatedOnToolsVersion = 15.4;
						TestTargetID = DB5316632C27BA4000407C52;
					};
				};
			};
			buildConfigurationList = DB53165F2C27BA4000407C52 /* Build configuration list for PBXProject "kidsnote_pre_project" */;
			compatibilityVersion = "Xcode 14.0";
			developmentRegion = en;
			hasScannedForEncodings = 0;
			knownRegions = (
				en,
				Base,
			);
			mainGroup = DB53165B2C27BA4000407C52;
			packageReferences = (
			);
			productRefGroup = DB5316652C27BA4000407C52 /* Products */;
			projectDirPath = "";
			projectRoot = "";
			targets = (
				DB5316632C27BA4000407C52 /* kidsnote_pre_project */,
				DB53167C2C27BA4200407C52 /* kidsnote_pre_projectTests */,
			);
		};
/* End PBXProject section */

/* Begin PBXResourcesBuildPhase section */
		DB5316622C27BA4000407C52 /* Resources */ = {
			isa = PBXResourcesBuildPhase;
			buildActionMask = 2147483647;
			files = (
				DB5316742C27BA4100407C52 /* Assets.xcassets in Resources */,
			);
			runOnlyForDeploymentPostprocessing = 0;
		};
		DB53167B2C27BA4200407C52 /* Resources */ = {
			isa = PBXResourcesBuildPhase;
			buildActionMask = 2147483647;
			files = (
			);
			runOnlyForDeploymentPostprocessing = 0;
		};
/* End PBXResourcesBuildPhase section */

/* Begin PBXSourcesBuildPhase section */
		DB5316602C27BA4000407C52 /* Sources */ = {
			isa = PBXSourcesBuildPhase;
			buildActionMask = 2147483647;
			files = (
				DB53166C2C27BA4000407C52 /* SerchListViewController.swift in Sources */,
				DB5316F32C2831DD00407C52 /* HttpDataFetcherType.swift in Sources */,
				DB5316E32C28038200407C52 /* DetailDataFecherType.swift in Sources */,
				DB5316682C27BA4000407C52 /* AppDelegate.swift in Sources */,
				DB5316DC2C28014D00407C52 /* DetailPresentData.swift in Sources */,
				DB5316722C27BA4000407C52 /* kidsnote_pre_project.xcdatamodeld in Sources */,
				DB5316BD2C27E7E900407C52 /* SerchResultCell.swift in Sources */,
				DB5316B42C27D31B00407C52 /* SerchView.swift in Sources */,
				DB5316FA2C28431600407C52 /* DetailView.swift in Sources */,
				DB5316B72C27D34200407C52 /* SearchListPresentData.swift in Sources */,
				DB5316A92C27C41300407C52 /* SerchListDataFecherType.swift in Sources */,
				DB5316AB2C27C41300407C52 /* HttpSerchListDataFecher.swift in Sources */,
				DB5316DF2C28018F00407C52 /* DetailViewController.swift in Sources */,
				DB5316D42C27F95300407C52 /* UiImageView+ImageFetcher.swift in Sources */,
				DB5316AF2C27C49700407C52 /* DataFetcherError.swift in Sources */,
				DB5316A72C27C41300407C52 /* MockSerchListDataFecher.swift in Sources */,
				DB5316CE2C27F69500407C52 /* ImageFetcher.swift in Sources */,
				DB5316C02C27EDEF00407C52 /* SerchViewModel.swift in Sources */,
				DB5316EA2C2805C200407C52 /* HttpDetailFetcher.swift in Sources */,
				DB5316E72C28053500407C52 /* DetailModel.swift in Sources */,
				DB5316C62C27F21700407C52 /* SerchViewModelMock.swift in Sources */,
				DB5316A22C27C30D00407C52 /* ListModel.swift in Sources */,
				DB5316F72C28416100407C52 /* ViewControllerFactory.swift in Sources */,
				DB5316EC2C28080100407C52 /* DetailViewModel.swift in Sources */,
				DB5316D02C27F69500407C52 /* ImageFileManager.swift in Sources */,
			);
			runOnlyForDeploymentPostprocessing = 0;
		};
		DB5316792C27BA4200407C52 /* Sources */ = {
			isa = PBXSourcesBuildPhase;
			buildActionMask = 2147483647;
			files = (
				DB5316A82C27C41300407C52 /* MockSerchListDataFecher.swift in Sources */,
				DB5316D12C27F69500407C52 /* ImageFileManager.swift in Sources */,
				DB5316C72C27F21700407C52 /* SerchViewModelMock.swift in Sources */,
				DB5316CF2C27F69500407C52 /* ImageFetcher.swift in Sources */,
				DB5316AC2C27C41300407C52 /* HttpSerchListDataFecher.swift in Sources */,
				DB5316B02C27C49700407C52 /* DataFetcherError.swift in Sources */,
				DB5316B12C27CB1500407C52 /* ListModel.swift in Sources */,
				DB5316E02C28018F00407C52 /* DetailViewController.swift in Sources */,
				DB5316ED2C28080200407C52 /* DetailViewModel.swift in Sources */,
				DB5316822C27BA4200407C52 /* kidsnote_pre_projectTests.swift in Sources */,
				DB5316D52C27F95300407C52 /* UiImageView+ImageFetcher.swift in Sources */,
				DB5316AA2C27C41300407C52 /* SerchListDataFecherType.swift in Sources */,
				DB5316DD2C28014D00407C52 /* DetailPresentData.swift in Sources */,
				DB5316E82C28053500407C52 /* DetailModel.swift in Sources */,
				DB5316E42C28038300407C52 /* DetailDataFecherType.swift in Sources */,
				DB5316F42C2831DD00407C52 /* HttpDataFetcherType.swift in Sources */,
				DB5316B52C27D31B00407C52 /* SerchView.swift in Sources */,
				DB5316FB2C28431600407C52 /* DetailView.swift in Sources */,
				DB5316BE2C27E7E900407C52 /* SerchResultCell.swift in Sources */,
				DB5316EB2C2805C200407C52 /* HttpDetailFetcher.swift in Sources */,
				DB5316C12C27EDEF00407C52 /* SerchViewModel.swift in Sources */,
				DB5316B82C27D34200407C52 /* SearchListPresentData.swift in Sources */,
				DB5316F82C28416100407C52 /* ViewControllerFactory.swift in Sources */,
			);
			runOnlyForDeploymentPostprocessing = 0;
		};
/* End PBXSourcesBuildPhase section */

/* Begin PBXTargetDependency section */
		DB53167F2C27BA4200407C52 /* PBXTargetDependency */ = {
			isa = PBXTargetDependency;
			target = DB5316632C27BA4000407C52 /* kidsnote_pre_project */;
			targetProxy = DB53167E2C27BA4200407C52 /* PBXContainerItemProxy */;
		};
/* End PBXTargetDependency section */

/* Begin XCBuildConfiguration section */
		DB53168F2C27BA4200407C52 /* Debug */ = {
			isa = XCBuildConfiguration;
			buildSettings = {
				ALWAYS_SEARCH_USER_PATHS = NO;
				ASSETCATALOG_COMPILER_GENERATE_SWIFT_ASSET_SYMBOL_EXTENSIONS = YES;
				CLANG_ANALYZER_NONNULL = YES;
				CLANG_ANALYZER_NUMBER_OBJECT_CONVERSION = YES_AGGRESSIVE;
				CLANG_CXX_LANGUAGE_STANDARD = "gnu++20";
				CLANG_ENABLE_MODULES = YES;
				CLANG_ENABLE_OBJC_ARC = YES;
				CLANG_ENABLE_OBJC_WEAK = YES;
				CLANG_WARN_BLOCK_CAPTURE_AUTORELEASING = YES;
				CLANG_WARN_BOOL_CONVERSION = YES;
				CLANG_WARN_COMMA = YES;
				CLANG_WARN_CONSTANT_CONVERSION = YES;
				CLANG_WARN_DEPRECATED_OBJC_IMPLEMENTATIONS = YES;
				CLANG_WARN_DIRECT_OBJC_ISA_USAGE = YES_ERROR;
				CLANG_WARN_DOCUMENTATION_COMMENTS = YES;
				CLANG_WARN_EMPTY_BODY = YES;
				CLANG_WARN_ENUM_CONVERSION = YES;
				CLANG_WARN_INFINITE_RECURSION = YES;
				CLANG_WARN_INT_CONVERSION = YES;
				CLANG_WARN_NON_LITERAL_NULL_CONVERSION = YES;
				CLANG_WARN_OBJC_IMPLICIT_RETAIN_SELF = YES;
				CLANG_WARN_OBJC_LITERAL_CONVERSION = YES;
				CLANG_WARN_OBJC_ROOT_CLASS = YES_ERROR;
				CLANG_WARN_QUOTED_INCLUDE_IN_FRAMEWORK_HEADER = YES;
				CLANG_WARN_RANGE_LOOP_ANALYSIS = YES;
				CLANG_WARN_STRICT_PROTOTYPES = YES;
				CLANG_WARN_SUSPICIOUS_MOVE = YES;
				CLANG_WARN_UNGUARDED_AVAILABILITY = YES_AGGRESSIVE;
				CLANG_WARN_UNREACHABLE_CODE = YES;
				CLANG_WARN__DUPLICATE_METHOD_MATCH = YES;
				COPY_PHASE_STRIP = NO;
				DEBUG_INFORMATION_FORMAT = dwarf;
				ENABLE_STRICT_OBJC_MSGSEND = YES;
				ENABLE_TESTABILITY = YES;
				ENABLE_USER_SCRIPT_SANDBOXING = YES;
				GCC_C_LANGUAGE_STANDARD = gnu17;
				GCC_DYNAMIC_NO_PIC = NO;
				GCC_NO_COMMON_BLOCKS = YES;
				GCC_OPTIMIZATION_LEVEL = 0;
				GCC_PREPROCESSOR_DEFINITIONS = (
					"DEBUG=1",
					"$(inherited)",
				);
				GCC_WARN_64_TO_32_BIT_CONVERSION = YES;
				GCC_WARN_ABOUT_RETURN_TYPE = YES_ERROR;
				GCC_WARN_UNDECLARED_SELECTOR = YES;
				GCC_WARN_UNINITIALIZED_AUTOS = YES_AGGRESSIVE;
				GCC_WARN_UNUSED_FUNCTION = YES;
				GCC_WARN_UNUSED_VARIABLE = YES;
				IPHONEOS_DEPLOYMENT_TARGET = 17.5;
				LOCALIZATION_PREFERS_STRING_CATALOGS = YES;
				MTL_ENABLE_DEBUG_INFO = INCLUDE_SOURCE;
				MTL_FAST_MATH = YES;
				ONLY_ACTIVE_ARCH = YES;
				SDKROOT = iphoneos;
				SWIFT_ACTIVE_COMPILATION_CONDITIONS = "DEBUG $(inherited)";
				SWIFT_OPTIMIZATION_LEVEL = "-Onone";
			};
			name = Debug;
		};
		DB5316902C27BA4200407C52 /* Release */ = {
			isa = XCBuildConfiguration;
			buildSettings = {
				ALWAYS_SEARCH_USER_PATHS = NO;
				ASSETCATALOG_COMPILER_GENERATE_SWIFT_ASSET_SYMBOL_EXTENSIONS = YES;
				CLANG_ANALYZER_NONNULL = YES;
				CLANG_ANALYZER_NUMBER_OBJECT_CONVERSION = YES_AGGRESSIVE;
				CLANG_CXX_LANGUAGE_STANDARD = "gnu++20";
				CLANG_ENABLE_MODULES = YES;
				CLANG_ENABLE_OBJC_ARC = YES;
				CLANG_ENABLE_OBJC_WEAK = YES;
				CLANG_WARN_BLOCK_CAPTURE_AUTORELEASING = YES;
				CLANG_WARN_BOOL_CONVERSION = YES;
				CLANG_WARN_COMMA = YES;
				CLANG_WARN_CONSTANT_CONVERSION = YES;
				CLANG_WARN_DEPRECATED_OBJC_IMPLEMENTATIONS = YES;
				CLANG_WARN_DIRECT_OBJC_ISA_USAGE = YES_ERROR;
				CLANG_WARN_DOCUMENTATION_COMMENTS = YES;
				CLANG_WARN_EMPTY_BODY = YES;
				CLANG_WARN_ENUM_CONVERSION = YES;
				CLANG_WARN_INFINITE_RECURSION = YES;
				CLANG_WARN_INT_CONVERSION = YES;
				CLANG_WARN_NON_LITERAL_NULL_CONVERSION = YES;
				CLANG_WARN_OBJC_IMPLICIT_RETAIN_SELF = YES;
				CLANG_WARN_OBJC_LITERAL_CONVERSION = YES;
				CLANG_WARN_OBJC_ROOT_CLASS = YES_ERROR;
				CLANG_WARN_QUOTED_INCLUDE_IN_FRAMEWORK_HEADER = YES;
				CLANG_WARN_RANGE_LOOP_ANALYSIS = YES;
				CLANG_WARN_STRICT_PROTOTYPES = YES;
				CLANG_WARN_SUSPICIOUS_MOVE = YES;
				CLANG_WARN_UNGUARDED_AVAILABILITY = YES_AGGRESSIVE;
				CLANG_WARN_UNREACHABLE_CODE = YES;
				CLANG_WARN__DUPLICATE_METHOD_MATCH = YES;
				COPY_PHASE_STRIP = NO;
				DEBUG_INFORMATION_FORMAT = "dwarf-with-dsym";
				ENABLE_NS_ASSERTIONS = NO;
				ENABLE_STRICT_OBJC_MSGSEND = YES;
				ENABLE_USER_SCRIPT_SANDBOXING = YES;
				GCC_C_LANGUAGE_STANDARD = gnu17;
				GCC_NO_COMMON_BLOCKS = YES;
				GCC_WARN_64_TO_32_BIT_CONVERSION = YES;
				GCC_WARN_ABOUT_RETURN_TYPE = YES_ERROR;
				GCC_WARN_UNDECLARED_SELECTOR = YES;
				GCC_WARN_UNINITIALIZED_AUTOS = YES_AGGRESSIVE;
				GCC_WARN_UNUSED_FUNCTION = YES;
				GCC_WARN_UNUSED_VARIABLE = YES;
				IPHONEOS_DEPLOYMENT_TARGET = 17.5;
				LOCALIZATION_PREFERS_STRING_CATALOGS = YES;
				MTL_ENABLE_DEBUG_INFO = NO;
				MTL_FAST_MATH = YES;
				SDKROOT = iphoneos;
				SWIFT_COMPILATION_MODE = wholemodule;
				VALIDATE_PRODUCT = YES;
			};
			name = Release;
		};
		DB5316922C27BA4200407C52 /* Debug */ = {
			isa = XCBuildConfiguration;
			buildSettings = {
				ASSETCATALOG_COMPILER_APPICON_NAME = AppIcon;
				ASSETCATALOG_COMPILER_GLOBAL_ACCENT_COLOR_NAME = AccentColor;
				CODE_SIGN_STYLE = Automatic;
				CURRENT_PROJECT_VERSION = 1;
				DEVELOPMENT_TEAM = SL6Z6PSCF7;
				GENERATE_INFOPLIST_FILE = YES;
				INFOPLIST_FILE = kidsnote_pre_project/Info.plist;
				INFOPLIST_KEY_UIApplicationSupportsIndirectInputEvents = YES;
				INFOPLIST_KEY_UILaunchStoryboardName = "";
				INFOPLIST_KEY_UISupportedInterfaceOrientations = UIInterfaceOrientationPortrait;
				INFOPLIST_KEY_UISupportedInterfaceOrientations_iPad = "UIInterfaceOrientationLandscapeLeft UIInterfaceOrientationLandscapeRight UIInterfaceOrientationPortrait UIInterfaceOrientationPortraitUpsideDown";
				LD_RUNPATH_SEARCH_PATHS = (
					"$(inherited)",
					"@executable_path/Frameworks",
				);
				MARKETING_VERSION = 1.0;
				PRODUCT_BUNDLE_IDENTIFIER = "chando.kidsnote-pre-project";
				PRODUCT_NAME = "$(TARGET_NAME)";
				SUPPORTED_PLATFORMS = "iphoneos iphonesimulator";
				SUPPORTS_MACCATALYST = NO;
				SUPPORTS_MAC_DESIGNED_FOR_IPHONE_IPAD = NO;
				SUPPORTS_XR_DESIGNED_FOR_IPHONE_IPAD = NO;
				SWIFT_EMIT_LOC_STRINGS = YES;
				SWIFT_VERSION = 5.0;
				TARGETED_DEVICE_FAMILY = 1;
			};
			name = Debug;
		};
		DB5316932C27BA4200407C52 /* Release */ = {
			isa = XCBuildConfiguration;
			buildSettings = {
				ASSETCATALOG_COMPILER_APPICON_NAME = AppIcon;
				ASSETCATALOG_COMPILER_GLOBAL_ACCENT_COLOR_NAME = AccentColor;
				CODE_SIGN_STYLE = Automatic;
				CURRENT_PROJECT_VERSION = 1;
				DEVELOPMENT_TEAM = SL6Z6PSCF7;
				GENERATE_INFOPLIST_FILE = YES;
				INFOPLIST_FILE = kidsnote_pre_project/Info.plist;
				INFOPLIST_KEY_UIApplicationSupportsIndirectInputEvents = YES;
				INFOPLIST_KEY_UILaunchStoryboardName = "";
				INFOPLIST_KEY_UISupportedInterfaceOrientations = UIInterfaceOrientationPortrait;
				INFOPLIST_KEY_UISupportedInterfaceOrientations_iPad = "UIInterfaceOrientationLandscapeLeft UIInterfaceOrientationLandscapeRight UIInterfaceOrientationPortrait UIInterfaceOrientationPortraitUpsideDown";
				LD_RUNPATH_SEARCH_PATHS = (
					"$(inherited)",
					"@executable_path/Frameworks",
				);
				MARKETING_VERSION = 1.0;
				PRODUCT_BUNDLE_IDENTIFIER = "chando.kidsnote-pre-project";
				PRODUCT_NAME = "$(TARGET_NAME)";
				SUPPORTED_PLATFORMS = "iphoneos iphonesimulator";
				SUPPORTS_MACCATALYST = NO;
				SUPPORTS_MAC_DESIGNED_FOR_IPHONE_IPAD = NO;
				SUPPORTS_XR_DESIGNED_FOR_IPHONE_IPAD = NO;
				SWIFT_EMIT_LOC_STRINGS = YES;
				SWIFT_VERSION = 5.0;
				TARGETED_DEVICE_FAMILY = 1;
			};
			name = Release;
		};
		DB5316952C27BA4200407C52 /* Debug */ = {
			isa = XCBuildConfiguration;
			buildSettings = {
				ALWAYS_EMBED_SWIFT_STANDARD_LIBRARIES = YES;
				BUNDLE_LOADER = "$(TEST_HOST)";
				CODE_SIGN_STYLE = Automatic;
				CURRENT_PROJECT_VERSION = 1;
				DEVELOPMENT_TEAM = SL6Z6PSCF7;
				GENERATE_INFOPLIST_FILE = YES;
				IPHONEOS_DEPLOYMENT_TARGET = 17.5;
				MARKETING_VERSION = 1.0;
				PRODUCT_BUNDLE_IDENTIFIER = "chando.kidsnote-pre-projectTests";
				PRODUCT_NAME = "$(TARGET_NAME)";
				SWIFT_EMIT_LOC_STRINGS = NO;
				SWIFT_VERSION = 5.0;
				TARGETED_DEVICE_FAMILY = "1,2";
				TEST_HOST = "$(BUILT_PRODUCTS_DIR)/kidsnote_pre_project.app/$(BUNDLE_EXECUTABLE_FOLDER_PATH)/kidsnote_pre_project";
			};
			name = Debug;
		};
		DB5316962C27BA4200407C52 /* Release */ = {
			isa = XCBuildConfiguration;
			buildSettings = {
				ALWAYS_EMBED_SWIFT_STANDARD_LIBRARIES = YES;
				BUNDLE_LOADER = "$(TEST_HOST)";
				CODE_SIGN_STYLE = Automatic;
				CURRENT_PROJECT_VERSION = 1;
				DEVELOPMENT_TEAM = SL6Z6PSCF7;
				GENERATE_INFOPLIST_FILE = YES;
				IPHONEOS_DEPLOYMENT_TARGET = 17.5;
				MARKETING_VERSION = 1.0;
				PRODUCT_BUNDLE_IDENTIFIER = "chando.kidsnote-pre-projectTests";
				PRODUCT_NAME = "$(TARGET_NAME)";
				SWIFT_EMIT_LOC_STRINGS = NO;
				SWIFT_VERSION = 5.0;
				TARGETED_DEVICE_FAMILY = "1,2";
				TEST_HOST = "$(BUILT_PRODUCTS_DIR)/kidsnote_pre_project.app/$(BUNDLE_EXECUTABLE_FOLDER_PATH)/kidsnote_pre_project";
			};
			name = Release;
		};
/* End XCBuildConfiguration section */

/* Begin XCConfigurationList section */
		DB53165F2C27BA4000407C52 /* Build configuration list for PBXProject "kidsnote_pre_project" */ = {
			isa = XCConfigurationList;
			buildConfigurations = (
				DB53168F2C27BA4200407C52 /* Debug */,
				DB5316902C27BA4200407C52 /* Release */,
			);
			defaultConfigurationIsVisible = 0;
			defaultConfigurationName = Release;
		};
		DB5316912C27BA4200407C52 /* Build configuration list for PBXNativeTarget "kidsnote_pre_project" */ = {
			isa = XCConfigurationList;
			buildConfigurations = (
				DB5316922C27BA4200407C52 /* Debug */,
				DB5316932C27BA4200407C52 /* Release */,
			);
			defaultConfigurationIsVisible = 0;
			defaultConfigurationName = Release;
		};
		DB5316942C27BA4200407C52 /* Build configuration list for PBXNativeTarget "kidsnote_pre_projectTests" */ = {
			isa = XCConfigurationList;
			buildConfigurations = (
				DB5316952C27BA4200407C52 /* Debug */,
				DB5316962C27BA4200407C52 /* Release */,
			);
			defaultConfigurationIsVisible = 0;
			defaultConfigurationName = Release;
		};
/* End XCConfigurationList section */

/* Begin XCVersionGroup section */
		DB5316702C27BA4000407C52 /* kidsnote_pre_project.xcdatamodeld */ = {
			isa = XCVersionGroup;
			children = (
				DB5316712C27BA4000407C52 /* kidsnote_pre_project.xcdatamodel */,
			);
			currentVersion = DB5316712C27BA4000407C52 /* kidsnote_pre_project.xcdatamodel */;
			path = kidsnote_pre_project.xcdatamodeld;
			sourceTree = "<group>";
			versionGroupType = wrapper.xcdatamodel;
		};
/* End XCVersionGroup section */
	};
	rootObject = DB53165C2C27BA4000407C52 /* Project object */;
}
